
Microsoft Visual Studio Solution File, Format Version 12.00
# Visual Studio Version 16
VisualStudioVersion = 16.0.29728.190
MinimumVisualStudioVersion = 10.0.40219.1
Project("{FAE04EC0-301F-11D3-BF4B-00C04F79EFBC}") = "TableBookingTDD.Core.Tests", "TableBookingTDD.Core.Tests\TableBookingTDD.Core.Tests.csproj", "{1E587F09-0C61-4597-B7EB-0491AE14540A}"
EndProject
Project("{FAE04EC0-301F-11D3-BF4B-00C04F79EFBC}") = "TableBookingTDD.Core", "TableBookingTDD.Core\TableBookingTDD.Core.csproj", "{29A86D36-D975-41A0-A7BA-E09707DD091F}"
EndProject
Global
	GlobalSection(SolutionConfigurationPlatforms) = preSolution
		Debug|Any CPU = Debug|Any CPU
		Release|Any CPU = Release|Any CPU
	EndGlobalSection
	GlobalSection(ProjectConfigurationPlatforms) = postSolution
		{1E587F09-0C61-4597-B7EB-0491AE14540A}.Debug|Any CPU.ActiveCfg = Debug|Any CPU
		{1E587F09-0C61-4597-B7EB-0491AE14540A}.Debug|Any CPU.Build.0 = Debug|Any CPU
		{1E587F09-0C61-4597-B7EB-0491AE14540A}.Release|Any CPU.ActiveCfg = Release|Any CPU
		{1E587F09-0C61-4597-B7EB-0491AE14540A}.Release|Any CPU.Build.0 = Release|Any CPU
		{29A86D36-D975-41A0-A7BA-E09707DD091F}.Debug|Any CPU.ActiveCfg = Debug|Any CPU
		{29A86D36-D975-41A0-A7BA-E09707DD091F}.Debug|Any CPU.Build.0 = Debug|Any CPU
		{29A86D36-D975-41A0-A7BA-E09707DD091F}.Release|Any CPU.ActiveCfg = Release|Any CPU
		{29A86D36-D975-41A0-A7BA-E09707DD091F}.Release|Any CPU.Build.0 = Release|Any CPU
	EndGlobalSection
	GlobalSection(SolutionProperties) = preSolution
		HideSolutionNode = FALSE
	EndGlobalSection
	GlobalSection(ExtensibilityGlobals) = postSolution
		SolutionGuid = {B261403E-4CD0-45B3-B0BF-ED24B4209A2B}
	EndGlobalSection
EndGlobal
